// !$*UTF8*$!
{
	archiveVersion = 1;
	classes = {
	};
	objectVersion = 55;
	objects = {

/* Begin PBXBuildFile section */
		23AF27AF271EE6F600639B53 /* BaseURL.swift in Sources */ = {isa = PBXBuildFile; fileRef = 23AF27AE271EE6F600639B53 /* BaseURL.swift */; };
		23AF27B1271EE73C00639B53 /* AbsolutePath.swift in Sources */ = {isa = PBXBuildFile; fileRef = 23AF27B0271EE73C00639B53 /* AbsolutePath.swift */; };
		23AF27B3271EF05200639B53 /* HTTPMethod.swift in Sources */ = {isa = PBXBuildFile; fileRef = 23AF27B2271EF05100639B53 /* HTTPMethod.swift */; };
		23AF27B5271EF06C00639B53 /* EndPointError.swift in Sources */ = {isa = PBXBuildFile; fileRef = 23AF27B4271EF06C00639B53 /* EndPointError.swift */; };
		23AF27B7271EF07C00639B53 /* EndPoint.swift in Sources */ = {isa = PBXBuildFile; fileRef = 23AF27B6271EF07C00639B53 /* EndPoint.swift */; };
		23AF27B9271EF85800639B53 /* NetworkError.swift in Sources */ = {isa = PBXBuildFile; fileRef = 23AF27B8271EF85800639B53 /* NetworkError.swift */; };
		23D2AC72271EC8630036F140 /* AppDelegate.swift in Sources */ = {isa = PBXBuildFile; fileRef = 23D2AC71271EC8630036F140 /* AppDelegate.swift */; };
		23D2AC74271EC8630036F140 /* SceneDelegate.swift in Sources */ = {isa = PBXBuildFile; fileRef = 23D2AC73271EC8630036F140 /* SceneDelegate.swift */; };
		23D2AC79271EC8630036F140 /* Main.storyboard in Resources */ = {isa = PBXBuildFile; fileRef = 23D2AC77271EC8630036F140 /* Main.storyboard */; };
		23D2AC7C271EC8630036F140 /* Bevy_iOS_Challenge.xcdatamodeld in Sources */ = {isa = PBXBuildFile; fileRef = 23D2AC7A271EC8630036F140 /* Bevy_iOS_Challenge.xcdatamodeld */; };
		23D2AC7E271EC8640036F140 /* Assets.xcassets in Resources */ = {isa = PBXBuildFile; fileRef = 23D2AC7D271EC8640036F140 /* Assets.xcassets */; };
		23D2AC81271EC8640036F140 /* LaunchScreen.storyboard in Resources */ = {isa = PBXBuildFile; fileRef = 23D2AC7F271EC8640036F140 /* LaunchScreen.storyboard */; };
		23D2AC89271ECC3A0036F140 /* README.md in Resources */ = {isa = PBXBuildFile; fileRef = 23D2AC88271ECC390036F140 /* README.md */; };
		23D2AC99271EDF760036F140 /* SplashViewController.swift in Sources */ = {isa = PBXBuildFile; fileRef = 23D2AC98271EDF760036F140 /* SplashViewController.swift */; };
/* End PBXBuildFile section */

/* Begin PBXFileReference section */
		23AF27AE271EE6F600639B53 /* BaseURL.swift */ = {isa = PBXFileReference; lastKnownFileType = sourcecode.swift; path = BaseURL.swift; sourceTree = "<group>"; };
		23AF27B0271EE73C00639B53 /* AbsolutePath.swift */ = {isa = PBXFileReference; lastKnownFileType = sourcecode.swift; path = AbsolutePath.swift; sourceTree = "<group>"; };
		23AF27B2271EF05100639B53 /* HTTPMethod.swift */ = {isa = PBXFileReference; lastKnownFileType = sourcecode.swift; path = HTTPMethod.swift; sourceTree = "<group>"; };
		23AF27B4271EF06C00639B53 /* EndPointError.swift */ = {isa = PBXFileReference; lastKnownFileType = sourcecode.swift; path = EndPointError.swift; sourceTree = "<group>"; };
		23AF27B6271EF07C00639B53 /* EndPoint.swift */ = {isa = PBXFileReference; lastKnownFileType = sourcecode.swift; path = EndPoint.swift; sourceTree = "<group>"; };
		23AF27B8271EF85800639B53 /* NetworkError.swift */ = {isa = PBXFileReference; lastKnownFileType = sourcecode.swift; path = NetworkError.swift; sourceTree = "<group>"; };
		23D2AC6E271EC8630036F140 /* Bevy iOS Challenge.app */ = {isa = PBXFileReference; explicitFileType = wrapper.application; includeInIndex = 0; path = "Bevy iOS Challenge.app"; sourceTree = BUILT_PRODUCTS_DIR; };
		23D2AC71271EC8630036F140 /* AppDelegate.swift */ = {isa = PBXFileReference; lastKnownFileType = sourcecode.swift; path = AppDelegate.swift; sourceTree = "<group>"; };
		23D2AC73271EC8630036F140 /* SceneDelegate.swift */ = {isa = PBXFileReference; lastKnownFileType = sourcecode.swift; path = SceneDelegate.swift; sourceTree = "<group>"; };
		23D2AC78271EC8630036F140 /* Base */ = {isa = PBXFileReference; lastKnownFileType = file.storyboard; name = Base; path = Base.lproj/Main.storyboard; sourceTree = "<group>"; };
		23D2AC7B271EC8630036F140 /* Bevy_iOS_Challenge.xcdatamodel */ = {isa = PBXFileReference; lastKnownFileType = wrapper.xcdatamodel; path = Bevy_iOS_Challenge.xcdatamodel; sourceTree = "<group>"; };
		23D2AC7D271EC8640036F140 /* Assets.xcassets */ = {isa = PBXFileReference; lastKnownFileType = folder.assetcatalog; path = Assets.xcassets; sourceTree = "<group>"; };
		23D2AC80271EC8640036F140 /* Base */ = {isa = PBXFileReference; lastKnownFileType = file.storyboard; name = Base; path = Base.lproj/LaunchScreen.storyboard; sourceTree = "<group>"; };
		23D2AC82271EC8640036F140 /* Info.plist */ = {isa = PBXFileReference; lastKnownFileType = text.plist.xml; path = Info.plist; sourceTree = "<group>"; };
		23D2AC88271ECC390036F140 /* README.md */ = {isa = PBXFileReference; lastKnownFileType = net.daringfireball.markdown; path = README.md; sourceTree = "<group>"; };
		23D2AC98271EDF760036F140 /* SplashViewController.swift */ = {isa = PBXFileReference; lastKnownFileType = sourcecode.swift; path = SplashViewController.swift; sourceTree = "<group>"; };
/* End PBXFileReference section */

/* Begin PBXFrameworksBuildPhase section */
		23D2AC6B271EC8630036F140 /* Frameworks */ = {
			isa = PBXFrameworksBuildPhase;
			buildActionMask = 2147483647;
			files = (
			);
			runOnlyForDeploymentPostprocessing = 0;
		};
/* End PBXFrameworksBuildPhase section */

/* Begin PBXGroup section */
		23AF27AC271EE6D600639B53 /* Request Manager */ = {
			isa = PBXGroup;
			children = (
				23AF27AD271EE6EA00639B53 /* End Point Core */,
			);
			path = "Request Manager";
			sourceTree = "<group>";
		};
		23AF27AD271EE6EA00639B53 /* End Point Core */ = {
			isa = PBXGroup;
			children = (
				23AF27AE271EE6F600639B53 /* BaseURL.swift */,
				23AF27B0271EE73C00639B53 /* AbsolutePath.swift */,
				23AF27B2271EF05100639B53 /* HTTPMethod.swift */,
				23AF27B8271EF85800639B53 /* NetworkError.swift */,
				23AF27B4271EF06C00639B53 /* EndPointError.swift */,
				23AF27B6271EF07C00639B53 /* EndPoint.swift */,
			);
			path = "End Point Core";
			sourceTree = "<group>";
		};
		23D2AC65271EC8630036F140 = {
			isa = PBXGroup;
			children = (
				23D2AC88271ECC390036F140 /* README.md */,
				23D2AC70271EC8630036F140 /* Bevy iOS Challenge */,
				23D2AC6F271EC8630036F140 /* Products */,
			);
			sourceTree = "<group>";
		};
		23D2AC6F271EC8630036F140 /* Products */ = {
			isa = PBXGroup;
			children = (
				23D2AC6E271EC8630036F140 /* Bevy iOS Challenge.app */,
			);
			name = Products;
			sourceTree = "<group>";
		};
		23D2AC70271EC8630036F140 /* Bevy iOS Challenge */ = {
			isa = PBXGroup;
			children = (
				23AF27AC271EE6D600639B53 /* Request Manager */,
				23D2AC8A271ED4080036F140 /* Application Delegates */,
				23D2AC8B271ED4320036F140 /* Configurations */,
				23D2AC8C271ED4460036F140 /* Resources */,
				23D2AC8D271ED4610036F140 /* StoryBoards */,
				23D2AC8F271ED48D0036F140 /* Persistent Storage */,
				23D2AC8E271ED4780036F140 /* Application Screens */,
			);
			path = "Bevy iOS Challenge";
			sourceTree = "<group>";
		};
		23D2AC8A271ED4080036F140 /* Application Delegates */ = {
			isa = PBXGroup;
			children = (
				23D2AC71271EC8630036F140 /* AppDelegate.swift */,
				23D2AC73271EC8630036F140 /* SceneDelegate.swift */,
			);
			path = "Application Delegates";
			sourceTree = "<group>";
		};
		23D2AC8B271ED4320036F140 /* Configurations */ = {
			isa = PBXGroup;
			children = (
				23D2AC82271EC8640036F140 /* Info.plist */,
			);
			path = Configurations;
			sourceTree = "<group>";
		};
		23D2AC8C271ED4460036F140 /* Resources */ = {
			isa = PBXGroup;
			children = (
				23D2AC7D271EC8640036F140 /* Assets.xcassets */,
			);
			path = Resources;
			sourceTree = "<group>";
		};
		23D2AC8D271ED4610036F140 /* StoryBoards */ = {
			isa = PBXGroup;
			children = (
				23D2AC77271EC8630036F140 /* Main.storyboard */,
				23D2AC7F271EC8640036F140 /* LaunchScreen.storyboard */,
			);
			path = StoryBoards;
			sourceTree = "<group>";
		};
		23D2AC8E271ED4780036F140 /* Application Screens */ = {
			isa = PBXGroup;
			children = (
				23D2AC96271EDF5D0036F140 /* Splash */,
			);
			path = "Application Screens";
			sourceTree = "<group>";
		};
		23D2AC8F271ED48D0036F140 /* Persistent Storage */ = {
			isa = PBXGroup;
			children = (
				23D2AC90271ED4E50036F140 /* Core Data Storage */,
			);
			path = "Persistent Storage";
			sourceTree = "<group>";
		};
		23D2AC90271ED4E50036F140 /* Core Data Storage */ = {
			isa = PBXGroup;
			children = (
				23D2AC7A271EC8630036F140 /* Bevy_iOS_Challenge.xcdatamodeld */,
			);
			path = "Core Data Storage";
			sourceTree = "<group>";
		};
		23D2AC96271EDF5D0036F140 /* Splash */ = {
			isa = PBXGroup;
			children = (
				23D2AC97271EDF670036F140 /* Controller */,
			);
			path = Splash;
			sourceTree = "<group>";
		};
		23D2AC97271EDF670036F140 /* Controller */ = {
			isa = PBXGroup;
			children = (
				23D2AC98271EDF760036F140 /* SplashViewController.swift */,
			);
			path = Controller;
			sourceTree = "<group>";
		};
/* End PBXGroup section */

/* Begin PBXNativeTarget section */
		23D2AC6D271EC8630036F140 /* Bevy iOS Challenge */ = {
			isa = PBXNativeTarget;
			buildConfigurationList = 23D2AC85271EC8640036F140 /* Build configuration list for PBXNativeTarget "Bevy iOS Challenge" */;
			buildPhases = (
				23D2AC6A271EC8630036F140 /* Sources */,
				23D2AC6B271EC8630036F140 /* Frameworks */,
				23D2AC6C271EC8630036F140 /* Resources */,
			);
			buildRules = (
			);
			dependencies = (
			);
			name = "Bevy iOS Challenge";
			productName = "Bevy iOS Challenge";
			productReference = 23D2AC6E271EC8630036F140 /* Bevy iOS Challenge.app */;
			productType = "com.apple.product-type.application";
		};
/* End PBXNativeTarget section */

/* Begin PBXProject section */
		23D2AC66271EC8630036F140 /* Project object */ = {
			isa = PBXProject;
			attributes = {
				BuildIndependentTargetsInParallel = 1;
				LastSwiftUpdateCheck = 1300;
				LastUpgradeCheck = 1300;
				TargetAttributes = {
					23D2AC6D271EC8630036F140 = {
						CreatedOnToolsVersion = 13.0;
					};
				};
			};
			buildConfigurationList = 23D2AC69271EC8630036F140 /* Build configuration list for PBXProject "Bevy iOS Challenge" */;
			compatibilityVersion = "Xcode 13.0";
			developmentRegion = en;
			hasScannedForEncodings = 0;
			knownRegions = (
				en,
				Base,
			);
			mainGroup = 23D2AC65271EC8630036F140;
			productRefGroup = 23D2AC6F271EC8630036F140 /* Products */;
			projectDirPath = "";
			projectRoot = "";
			targets = (
				23D2AC6D271EC8630036F140 /* Bevy iOS Challenge */,
			);
		};
/* End PBXProject section */

/* Begin PBXResourcesBuildPhase section */
		23D2AC6C271EC8630036F140 /* Resources */ = {
			isa = PBXResourcesBuildPhase;
			buildActionMask = 2147483647;
			files = (
				23D2AC81271EC8640036F140 /* LaunchScreen.storyboard in Resources */,
				23D2AC7E271EC8640036F140 /* Assets.xcassets in Resources */,
				23D2AC89271ECC3A0036F140 /* README.md in Resources */,
				23D2AC79271EC8630036F140 /* Main.storyboard in Resources */,
			);
			runOnlyForDeploymentPostprocessing = 0;
		};
/* End PBXResourcesBuildPhase section */

/* Begin PBXSourcesBuildPhase section */
		23D2AC6A271EC8630036F140 /* Sources */ = {
			isa = PBXSourcesBuildPhase;
			buildActionMask = 2147483647;
			files = (
				23D2AC7C271EC8630036F140 /* Bevy_iOS_Challenge.xcdatamodeld in Sources */,
				23AF27B5271EF06C00639B53 /* EndPointError.swift in Sources */,
				23D2AC72271EC8630036F140 /* AppDelegate.swift in Sources */,
				23AF27B7271EF07C00639B53 /* EndPoint.swift in Sources */,
				23AF27B3271EF05200639B53 /* HTTPMethod.swift in Sources */,
				23AF27AF271EE6F600639B53 /* BaseURL.swift in Sources */,
				23D2AC74271EC8630036F140 /* SceneDelegate.swift in Sources */,
				23D2AC99271EDF760036F140 /* SplashViewController.swift in Sources */,
				23AF27B1271EE73C00639B53 /* AbsolutePath.swift in Sources */,
				23AF27B9271EF85800639B53 /* NetworkError.swift in Sources */,
			);
			runOnlyForDeploymentPostprocessing = 0;
		};
/* End PBXSourcesBuildPhase section */

/* Begin PBXVariantGroup section */
		23D2AC77271EC8630036F140 /* Main.storyboard */ = {
			isa = PBXVariantGroup;
			children = (
				23D2AC78271EC8630036F140 /* Base */,
			);
			name = Main.storyboard;
			sourceTree = "<group>";
		};
		23D2AC7F271EC8640036F140 /* LaunchScreen.storyboard */ = {
			isa = PBXVariantGroup;
			children = (
				23D2AC80271EC8640036F140 /* Base */,
			);
			name = LaunchScreen.storyboard;
			sourceTree = "<group>";
		};
/* End PBXVariantGroup section */

/* Begin XCBuildConfiguration section */
		23D2AC83271EC8640036F140 /* Debug */ = {
			isa = XCBuildConfiguration;
			buildSettings = {
				ALWAYS_SEARCH_USER_PATHS = NO;
				CLANG_ANALYZER_NONNULL = YES;
				CLANG_ANALYZER_NUMBER_OBJECT_CONVERSION = YES_AGGRESSIVE;
				CLANG_CXX_LANGUAGE_STANDARD = "gnu++17";
				CLANG_CXX_LIBRARY = "libc++";
				CLANG_ENABLE_MODULES = YES;
				CLANG_ENABLE_OBJC_ARC = YES;
				CLANG_ENABLE_OBJC_WEAK = YES;
				CLANG_WARN_BLOCK_CAPTURE_AUTORELEASING = YES;
				CLANG_WARN_BOOL_CONVERSION = YES;
				CLANG_WARN_COMMA = YES;
				CLANG_WARN_CONSTANT_CONVERSION = YES;
				CLANG_WARN_DEPRECATED_OBJC_IMPLEMENTATIONS = YES;
				CLANG_WARN_DIRECT_OBJC_ISA_USAGE = YES_ERROR;
				CLANG_WARN_DOCUMENTATION_COMMENTS = YES;
				CLANG_WARN_EMPTY_BODY = YES;
				CLANG_WARN_ENUM_CONVERSION = YES;
				CLANG_WARN_INFINITE_RECURSION = YES;
				CLANG_WARN_INT_CONVERSION = YES;
				CLANG_WARN_NON_LITERAL_NULL_CONVERSION = YES;
				CLANG_WARN_OBJC_IMPLICIT_RETAIN_SELF = YES;
				CLANG_WARN_OBJC_LITERAL_CONVERSION = YES;
				CLANG_WARN_OBJC_ROOT_CLASS = YES_ERROR;
				CLANG_WARN_QUOTED_INCLUDE_IN_FRAMEWORK_HEADER = YES;
				CLANG_WARN_RANGE_LOOP_ANALYSIS = YES;
				CLANG_WARN_STRICT_PROTOTYPES = YES;
				CLANG_WARN_SUSPICIOUS_MOVE = YES;
				CLANG_WARN_UNGUARDED_AVAILABILITY = YES_AGGRESSIVE;
				CLANG_WARN_UNREACHABLE_CODE = YES;
				CLANG_WARN__DUPLICATE_METHOD_MATCH = YES;
				COPY_PHASE_STRIP = NO;
				DEBUG_INFORMATION_FORMAT = dwarf;
				ENABLE_STRICT_OBJC_MSGSEND = YES;
				ENABLE_TESTABILITY = YES;
				GCC_C_LANGUAGE_STANDARD = gnu11;
				GCC_DYNAMIC_NO_PIC = NO;
				GCC_NO_COMMON_BLOCKS = YES;
				GCC_OPTIMIZATION_LEVEL = 0;
				GCC_PREPROCESSOR_DEFINITIONS = (
					"DEBUG=1",
					"$(inherited)",
				);
				GCC_WARN_64_TO_32_BIT_CONVERSION = YES;
				GCC_WARN_ABOUT_RETURN_TYPE = YES_ERROR;
				GCC_WARN_UNDECLARED_SELECTOR = YES;
				GCC_WARN_UNINITIALIZED_AUTOS = YES_AGGRESSIVE;
				GCC_WARN_UNUSED_FUNCTION = YES;
				GCC_WARN_UNUSED_VARIABLE = YES;
				IPHONEOS_DEPLOYMENT_TARGET = 15.0;
				MTL_ENABLE_DEBUG_INFO = INCLUDE_SOURCE;
				MTL_FAST_MATH = YES;
				ONLY_ACTIVE_ARCH = YES;
				SDKROOT = iphoneos;
				SWIFT_ACTIVE_COMPILATION_CONDITIONS = DEBUG;
				SWIFT_OPTIMIZATION_LEVEL = "-Onone";
			};
			name = Debug;
		};
		23D2AC84271EC8640036F140 /* Release */ = {
			isa = XCBuildConfiguration;
			buildSettings = {
				ALWAYS_SEARCH_USER_PATHS = NO;
				CLANG_ANALYZER_NONNULL = YES;
				CLANG_ANALYZER_NUMBER_OBJECT_CONVERSION = YES_AGGRESSIVE;
				CLANG_CXX_LANGUAGE_STANDARD = "gnu++17";
				CLANG_CXX_LIBRARY = "libc++";
				CLANG_ENABLE_MODULES = YES;
				CLANG_ENABLE_OBJC_ARC = YES;
				CLANG_ENABLE_OBJC_WEAK = YES;
				CLANG_WARN_BLOCK_CAPTURE_AUTORELEASING = YES;
				CLANG_WARN_BOOL_CONVERSION = YES;
				CLANG_WARN_COMMA = YES;
				CLANG_WARN_CONSTANT_CONVERSION = YES;
				CLANG_WARN_DEPRECATED_OBJC_IMPLEMENTATIONS = YES;
				CLANG_WARN_DIRECT_OBJC_ISA_USAGE = YES_ERROR;
				CLANG_WARN_DOCUMENTATION_COMMENTS = YES;
				CLANG_WARN_EMPTY_BODY = YES;
				CLANG_WARN_ENUM_CONVERSION = YES;
				CLANG_WARN_INFINITE_RECURSION = YES;
				CLANG_WARN_INT_CONVERSION = YES;
				CLANG_WARN_NON_LITERAL_NULL_CONVERSION = YES;
				CLANG_WARN_OBJC_IMPLICIT_RETAIN_SELF = YES;
				CLANG_WARN_OBJC_LITERAL_CONVERSION = YES;
				CLANG_WARN_OBJC_ROOT_CLASS = YES_ERROR;
				CLANG_WARN_QUOTED_INCLUDE_IN_FRAMEWORK_HEADER = YES;
				CLANG_WARN_RANGE_LOOP_ANALYSIS = YES;
				CLANG_WARN_STRICT_PROTOTYPES = YES;
				CLANG_WARN_SUSPICIOUS_MOVE = YES;
				CLANG_WARN_UNGUARDED_AVAILABILITY = YES_AGGRESSIVE;
				CLANG_WARN_UNREACHABLE_CODE = YES;
				CLANG_WARN__DUPLICATE_METHOD_MATCH = YES;
				COPY_PHASE_STRIP = NO;
				DEBUG_INFORMATION_FORMAT = "dwarf-with-dsym";
				ENABLE_NS_ASSERTIONS = NO;
				ENABLE_STRICT_OBJC_MSGSEND = YES;
				GCC_C_LANGUAGE_STANDARD = gnu11;
				GCC_NO_COMMON_BLOCKS = YES;
				GCC_WARN_64_TO_32_BIT_CONVERSION = YES;
				GCC_WARN_ABOUT_RETURN_TYPE = YES_ERROR;
				GCC_WARN_UNDECLARED_SELECTOR = YES;
				GCC_WARN_UNINITIALIZED_AUTOS = YES_AGGRESSIVE;
				GCC_WARN_UNUSED_FUNCTION = YES;
				GCC_WARN_UNUSED_VARIABLE = YES;
				IPHONEOS_DEPLOYMENT_TARGET = 15.0;
				MTL_ENABLE_DEBUG_INFO = NO;
				MTL_FAST_MATH = YES;
				SDKROOT = iphoneos;
				SWIFT_COMPILATION_MODE = wholemodule;
				SWIFT_OPTIMIZATION_LEVEL = "-O";
				VALIDATE_PRODUCT = YES;
			};
			name = Release;
		};
		23D2AC86271EC8640036F140 /* Debug */ = {
			isa = XCBuildConfiguration;
			buildSettings = {
				ASSETCATALOG_COMPILER_APPICON_NAME = AppIcon;
				ASSETCATALOG_COMPILER_GLOBAL_ACCENT_COLOR_NAME = AccentColor;
				CODE_SIGN_STYLE = Automatic;
				CURRENT_PROJECT_VERSION = 1;
				DEVELOPMENT_TEAM = 8V78H7WRYL;
				GENERATE_INFOPLIST_FILE = YES;
				INFOPLIST_FILE = "Bevy iOS Challenge/Configurations/Info.plist";
				INFOPLIST_KEY_UIApplicationSupportsIndirectInputEvents = YES;
				INFOPLIST_KEY_UILaunchStoryboardName = LaunchScreen;
				INFOPLIST_KEY_UIMainStoryboardFile = Main;
				INFOPLIST_KEY_UISupportedInterfaceOrientations_iPad = "UIInterfaceOrientationPortrait UIInterfaceOrientationPortraitUpsideDown UIInterfaceOrientationLandscapeLeft UIInterfaceOrientationLandscapeRight";
				INFOPLIST_KEY_UISupportedInterfaceOrientations_iPhone = "UIInterfaceOrientationPortrait UIInterfaceOrientationLandscapeLeft UIInterfaceOrientationLandscapeRight";
				IPHONEOS_DEPLOYMENT_TARGET = 13.0;
				LD_RUNPATH_SEARCH_PATHS = (
					"$(inherited)",
					"@executable_path/Frameworks",
				);
				MARKETING_VERSION = 1.0;
				PRODUCT_BUNDLE_IDENTIFIER = "com.Bevy.Bevy-iOS-Challenge";
				PRODUCT_NAME = "$(TARGET_NAME)";
				SWIFT_EMIT_LOC_STRINGS = YES;
				SWIFT_VERSION = 5.0;
				TARGETED_DEVICE_FAMILY = 1;
			};
			name = Debug;
		};
		23D2AC87271EC8640036F140 /* Release */ = {
			isa = XCBuildConfiguration;
			buildSettings = {
				ASSETCATALOG_COMPILER_APPICON_NAME = AppIcon;
				ASSETCATALOG_COMPILER_GLOBAL_ACCENT_COLOR_NAME = AccentColor;
				CODE_SIGN_STYLE = Automatic;
				CURRENT_PROJECT_VERSION = 1;
				DEVELOPMENT_TEAM = 8V78H7WRYL;
				GENERATE_INFOPLIST_FILE = YES;
				INFOPLIST_FILE = "Bevy iOS Challenge/Configurations/Info.plist";
				INFOPLIST_KEY_UIApplicationSupportsIndirectInputEvents = YES;
				INFOPLIST_KEY_UILaunchStoryboardName = LaunchScreen;
				INFOPLIST_KEY_UIMainStoryboardFile = Main;
				INFOPLIST_KEY_UISupportedInterfaceOrientations_iPad = "UIInterfaceOrientationPortrait UIInterfaceOrientationPortraitUpsideDown UIInterfaceOrientationLandscapeLeft UIInterfaceOrientationLandscapeRight";
				INFOPLIST_KEY_UISupportedInterfaceOrientations_iPhone = "UIInterfaceOrientationPortrait UIInterfaceOrientationLandscapeLeft UIInterfaceOrientationLandscapeRight";
				IPHONEOS_DEPLOYMENT_TARGET = 13.0;
				LD_RUNPATH_SEARCH_PATHS = (
					"$(inherited)",
					"@executable_path/Frameworks",
				);
				MARKETING_VERSION = 1.0;
				PRODUCT_BUNDLE_IDENTIFIER = "com.Bevy.Bevy-iOS-Challenge";
				PRODUCT_NAME = "$(TARGET_NAME)";
				SWIFT_EMIT_LOC_STRINGS = YES;
				SWIFT_VERSION = 5.0;
				TARGETED_DEVICE_FAMILY = 1;
			};
			name = Release;
		};
/* End XCBuildConfiguration section */

/* Begin XCConfigurationList section */
		23D2AC69271EC8630036F140 /* Build configuration list for PBXProject "Bevy iOS Challenge" */ = {
			isa = XCConfigurationList;
			buildConfigurations = (
				23D2AC83271EC8640036F140 /* Debug */,
				23D2AC84271EC8640036F140 /* Release */,
			);
			defaultConfigurationIsVisible = 0;
			defaultConfigurationName = Release;
		};
		23D2AC85271EC8640036F140 /* Build configuration list for PBXNativeTarget "Bevy iOS Challenge" */ = {
			isa = XCConfigurationList;
			buildConfigurations = (
				23D2AC86271EC8640036F140 /* Debug */,
				23D2AC87271EC8640036F140 /* Release */,
			);
			defaultConfigurationIsVisible = 0;
			defaultConfigurationName = Release;
		};
/* End XCConfigurationList section */

/* Begin XCVersionGroup section */
		23D2AC7A271EC8630036F140 /* Bevy_iOS_Challenge.xcdatamodeld */ = {
			isa = XCVersionGroup;
			children = (
				23D2AC7B271EC8630036F140 /* Bevy_iOS_Challenge.xcdatamodel */,
			);
			currentVersion = 23D2AC7B271EC8630036F140 /* Bevy_iOS_Challenge.xcdatamodel */;
			path = Bevy_iOS_Challenge.xcdatamodeld;
			sourceTree = "<group>";
			versionGroupType = wrapper.xcdatamodel;
		};
/* End XCVersionGroup section */
	};
	rootObject = 23D2AC66271EC8630036F140 /* Project object */;
}
